
Microsoft Visual Studio Solution File, Format Version 12.00
# Visual Studio Version 17
VisualStudioVersion = 17.6.33829.357
MinimumVisualStudioVersion = 10.0.40219.1
Project("{9A19103F-16F7-4668-BE54-9A1E7A4F7556}") = "SecondMap.Services.SMS.API", "SecondMap.Services.SMS.API\SecondMap.Services.SMS.API.csproj", "{22B74EF8-62FF-410B-994B-995F185109AC}"
EndProject
Project("{9A19103F-16F7-4668-BE54-9A1E7A4F7556}") = "SecondMap.Services.SMS.BLL", "SecondMap.Services.SMS.BLL\SecondMap.Services.SMS.BLL.csproj", "{C7B10C01-1F98-448B-8958-49CD8A386E89}"
EndProject
Project("{9A19103F-16F7-4668-BE54-9A1E7A4F7556}") = "SecondMap.Services.SMS.DAL", "SecondMap.Services.SMS.DAL\SecondMap.Services.SMS.DAL.csproj", "{9B8D05B3-CB9B-4E96-B7AD-1F695AC0920E}"
EndProject
Project("{9A19103F-16F7-4668-BE54-9A1E7A4F7556}") = "SecondMap.Services.SMS.UnitTests", "SecondMap.Services.SMS.UnitTests\SecondMap.Services.SMS.UnitTests.csproj", "{BE3F1D14-84DE-48D0-B535-61DBEB295979}"
EndProject
Project("{9A19103F-16F7-4668-BE54-9A1E7A4F7556}") = "SecondMap.Services.SMS.IntegrationTests", "SecondMap.Services.SMS.IntegrationTests\SecondMap.Services.SMS.IntegrationTests.csproj", "{F2B6FB33-1752-4EC4-BE5A-FF237D22AB5E}"
EndProject
Project("{9A19103F-16F7-4668-BE54-9A1E7A4F7556}") = "SecondMap.Services.SMS.Messages", "SecondMap.Services.SMS.Messages\SecondMap.Services.SMS.Messages.csproj", "{3C24A7F7-151D-41CC-9529-DA4E3481F47F}"
EndProject
Global
	GlobalSection(SolutionConfigurationPlatforms) = preSolution
		Debug|Any CPU = Debug|Any CPU
		Release|Any CPU = Release|Any CPU
	EndGlobalSection
	GlobalSection(ProjectConfigurationPlatforms) = postSolution
		{22B74EF8-62FF-410B-994B-995F185109AC}.Debug|Any CPU.ActiveCfg = Debug|Any CPU
		{22B74EF8-62FF-410B-994B-995F185109AC}.Debug|Any CPU.Build.0 = Debug|Any CPU
		{22B74EF8-62FF-410B-994B-995F185109AC}.Release|Any CPU.ActiveCfg = Release|Any CPU
		{22B74EF8-62FF-410B-994B-995F185109AC}.Release|Any CPU.Build.0 = Release|Any CPU
		{C7B10C01-1F98-448B-8958-49CD8A386E89}.Debug|Any CPU.ActiveCfg = Debug|Any CPU
		{C7B10C01-1F98-448B-8958-49CD8A386E89}.Debug|Any CPU.Build.0 = Debug|Any CPU
		{C7B10C01-1F98-448B-8958-49CD8A386E89}.Release|Any CPU.ActiveCfg = Release|Any CPU
		{C7B10C01-1F98-448B-8958-49CD8A386E89}.Release|Any CPU.Build.0 = Release|Any CPU
		{9B8D05B3-CB9B-4E96-B7AD-1F695AC0920E}.Debug|Any CPU.ActiveCfg = Debug|Any CPU
		{9B8D05B3-CB9B-4E96-B7AD-1F695AC0920E}.Debug|Any CPU.Build.0 = Debug|Any CPU
		{9B8D05B3-CB9B-4E96-B7AD-1F695AC0920E}.Release|Any CPU.ActiveCfg = Release|Any CPU
		{9B8D05B3-CB9B-4E96-B7AD-1F695AC0920E}.Release|Any CPU.Build.0 = Release|Any CPU
		{BE3F1D14-84DE-48D0-B535-61DBEB295979}.Debug|Any CPU.ActiveCfg = Debug|Any CPU
		{BE3F1D14-84DE-48D0-B535-61DBEB295979}.Debug|Any CPU.Build.0 = Debug|Any CPU
		{BE3F1D14-84DE-48D0-B535-61DBEB295979}.Release|Any CPU.ActiveCfg = Release|Any CPU
		{BE3F1D14-84DE-48D0-B535-61DBEB295979}.Release|Any CPU.Build.0 = Release|Any CPU
		{F2B6FB33-1752-4EC4-BE5A-FF237D22AB5E}.Debug|Any CPU.ActiveCfg = Debug|Any CPU
		{F2B6FB33-1752-4EC4-BE5A-FF237D22AB5E}.Debug|Any CPU.Build.0 = Debug|Any CPU
		{F2B6FB33-1752-4EC4-BE5A-FF237D22AB5E}.Release|Any CPU.ActiveCfg = Release|Any CPU
		{F2B6FB33-1752-4EC4-BE5A-FF237D22AB5E}.Release|Any CPU.Build.0 = Release|Any CPU
		{3C24A7F7-151D-41CC-9529-DA4E3481F47F}.Debug|Any CPU.ActiveCfg = Debug|Any CPU
		{3C24A7F7-151D-41CC-9529-DA4E3481F47F}.Debug|Any CPU.Build.0 = Debug|Any CPU
		{3C24A7F7-151D-41CC-9529-DA4E3481F47F}.Release|Any CPU.ActiveCfg = Release|Any CPU
		{3C24A7F7-151D-41CC-9529-DA4E3481F47F}.Release|Any CPU.Build.0 = Release|Any CPU
	EndGlobalSection
	GlobalSection(SolutionProperties) = preSolution
		HideSolutionNode = FALSE
	EndGlobalSection
	GlobalSection(ExtensibilityGlobals) = postSolution
		SolutionGuid = {EF0ED80A-D7CA-4723-9F5C-48CE4609137B}
	EndGlobalSection
	GlobalSection(SharedMSBuildProjectFiles) = preSolution
		..\SecondMap.Shared\SecondMap.Messages\SecondMap.Messages.projitems*{3c24a7f7-151d-41cc-9529-da4e3481f47f}*SharedItemsImports = 5
	EndGlobalSection
EndGlobal
